
Microsoft Visual Studio Solution File, Format Version 12.00
# Visual Studio 15
Project("{FAE04EC0-301F-11D3-BF4B-00C04F79EFBC}") = "Assembly-CSharp", "Assembly-CSharp.csproj", "{343DD1A0-198F-E034-851D-73E71C67D115}"
EndProject
Project("{FAE04EC0-301F-11D3-BF4B-00C04F79EFBC}") = "Assembly-CSharp-Editor", "Assembly-CSharp-Editor.csproj", "{FA76EAC4-3D1C-053C-1174-C94C5EB61001}"
EndProject
Global
	GlobalSection(SolutionConfigurationPlatforms) = preSolution
		Debug|Any CPU = Debug|Any CPU
		Release|Any CPU = Release|Any CPU
	EndGlobalSection
	GlobalSection(ProjectConfigurationPlatforms) = postSolution
		{343DD1A0-198F-E034-851D-73E71C67D115}.Debug|Any CPU.ActiveCfg = Debug|Any CPU
		{343DD1A0-198F-E034-851D-73E71C67D115}.Debug|Any CPU.Build.0 = Debug|Any CPU
		{343DD1A0-198F-E034-851D-73E71C67D115}.Release|Any CPU.ActiveCfg = Release|Any CPU
		{343DD1A0-198F-E034-851D-73E71C67D115}.Release|Any CPU.Build.0 = Release|Any CPU
		{FA76EAC4-3D1C-053C-1174-C94C5EB61001}.Debug|Any CPU.ActiveCfg = Debug|Any CPU
		{FA76EAC4-3D1C-053C-1174-C94C5EB61001}.Debug|Any CPU.Build.0 = Debug|Any CPU
		{FA76EAC4-3D1C-053C-1174-C94C5EB61001}.Release|Any CPU.ActiveCfg = Release|Any CPU
		{FA76EAC4-3D1C-053C-1174-C94C5EB61001}.Release|Any CPU.Build.0 = Release|Any CPU
	EndGlobalSection
	GlobalSection(SolutionProperties) = preSolution
		HideSolutionNode = FALSE
	EndGlobalSection
EndGlobal
